
Microsoft Visual Studio Solution File, Format Version 12.00
# Visual Studio 15
VisualStudioVersion = 15.0.26730.8
MinimumVisualStudioVersion = 10.0.40219.1
Project("{9A19103F-16F7-4668-BE54-9A1E7A4F7556}") = "CTHWeb", "CTHWeb\CTHWeb.csproj", "{BA875DDB-327B-49D9-BB04-FBD2B5FE7F04}"
EndProject
Project("{9A19103F-16F7-4668-BE54-9A1E7A4F7556}") = "CountryTagHelper", "CountryTagHelper\CountryTagHelper.csproj", "{0B8D4863-4C94-458A-B548-35BD1402C3A3}"
EndProject
Global
	GlobalSection(SolutionConfigurationPlatforms) = preSolution
		Debug|Any CPU = Debug|Any CPU
		Release|Any CPU = Release|Any CPU
	EndGlobalSection
	GlobalSection(ProjectConfigurationPlatforms) = postSolution
		{BA875DDB-327B-49D9-BB04-FBD2B5FE7F04}.Debug|Any CPU.ActiveCfg = Debug|Any CPU
		{BA875DDB-327B-49D9-BB04-FBD2B5FE7F04}.Debug|Any CPU.Build.0 = Debug|Any CPU
		{BA875DDB-327B-49D9-BB04-FBD2B5FE7F04}.Release|Any CPU.ActiveCfg = Release|Any CPU
		{BA875DDB-327B-49D9-BB04-FBD2B5FE7F04}.Release|Any CPU.Build.0 = Release|Any CPU
		{0B8D4863-4C94-458A-B548-35BD1402C3A3}.Debug|Any CPU.ActiveCfg = Debug|Any CPU
		{0B8D4863-4C94-458A-B548-35BD1402C3A3}.Debug|Any CPU.Build.0 = Debug|Any CPU
		{0B8D4863-4C94-458A-B548-35BD1402C3A3}.Release|Any CPU.ActiveCfg = Release|Any CPU
		{0B8D4863-4C94-458A-B548-35BD1402C3A3}.Release|Any CPU.Build.0 = Release|Any CPU
	EndGlobalSection
	GlobalSection(SolutionProperties) = preSolution
		HideSolutionNode = FALSE
	EndGlobalSection
	GlobalSection(ExtensibilityGlobals) = postSolution
		SolutionGuid = {52239B9A-8D12-4F13-ABA6-FDB26C18821B}
	EndGlobalSection
EndGlobal
